// !$*UTF8*$!
{
	archiveVersion = 1;
	classes = {
	};
	objectVersion = 46;
	objects = {

/* Begin PBXBuildFile section */
		28791B3D1ED239D500DA4881 /* Globals.swift in Sources */ = {isa = PBXBuildFile; fileRef = 28791B3C1ED239D500DA4881 /* Globals.swift */; };
		2887677C1EA41A880052A76D /* AppDelegate.swift in Sources */ = {isa = PBXBuildFile; fileRef = 2887677B1EA41A880052A76D /* AppDelegate.swift */; };
		288767811EA41A880052A76D /* Main.storyboard in Resources */ = {isa = PBXBuildFile; fileRef = 2887677F1EA41A880052A76D /* Main.storyboard */; };
		288767831EA41A880052A76D /* Assets.xcassets in Resources */ = {isa = PBXBuildFile; fileRef = 288767821EA41A880052A76D /* Assets.xcassets */; };
		288767861EA41A880052A76D /* LaunchScreen.storyboard in Resources */ = {isa = PBXBuildFile; fileRef = 288767841EA41A880052A76D /* LaunchScreen.storyboard */; };
		2887678F1EA41D9C0052A76D /* HomeViewController.swift in Sources */ = {isa = PBXBuildFile; fileRef = 2887678E1EA41D9C0052A76D /* HomeViewController.swift */; };
		288767911EA41DA90052A76D /* CommunitiesViewController.swift in Sources */ = {isa = PBXBuildFile; fileRef = 288767901EA41DA90052A76D /* CommunitiesViewController.swift */; };
		288767931EA41DB20052A76D /* PostViewController.swift in Sources */ = {isa = PBXBuildFile; fileRef = 288767921EA41DB20052A76D /* PostViewController.swift */; };
		288767951EA41DC60052A76D /* MessagesViewController.swift in Sources */ = {isa = PBXBuildFile; fileRef = 288767941EA41DC60052A76D /* MessagesViewController.swift */; };
		2887679B1EA425630052A76D /* PostTableViewCell.swift in Sources */ = {isa = PBXBuildFile; fileRef = 2887679A1EA425630052A76D /* PostTableViewCell.swift */; };
		2890B0281EAAAB7D00886C82 /* User.swift in Sources */ = {isa = PBXBuildFile; fileRef = 2890B0271EAAAB7D00886C82 /* User.swift */; };
		2890B02A1EAABAB700886C82 /* PageContainerViewController.swift in Sources */ = {isa = PBXBuildFile; fileRef = 2890B0291EAABAB700886C82 /* PageContainerViewController.swift */; };
		2890B02C1EAABAE600886C82 /* FirstPageViewController.swift in Sources */ = {isa = PBXBuildFile; fileRef = 2890B02B1EAABAE600886C82 /* FirstPageViewController.swift */; };
		2890B02E1EAABAEF00886C82 /* SecondPageViewController.swift in Sources */ = {isa = PBXBuildFile; fileRef = 2890B02D1EAABAEF00886C82 /* SecondPageViewController.swift */; };
		2890B0301EAABAF900886C82 /* ThirdPageViewController.swift in Sources */ = {isa = PBXBuildFile; fileRef = 2890B02F1EAABAF900886C82 /* ThirdPageViewController.swift */; };
		2890B0321EAAC43700886C82 /* IntroViewController.swift in Sources */ = {isa = PBXBuildFile; fileRef = 2890B0311EAAC43700886C82 /* IntroViewController.swift */; };
		28ADA74C1ED92A3600C8B3AB /* OfferingTableViewCell.swift in Sources */ = {isa = PBXBuildFile; fileRef = 28ADA74B1ED92A3600C8B3AB /* OfferingTableViewCell.swift */; };
		28BC54E81EBFF6FD00A7E16E /* CustomColors.swift in Sources */ = {isa = PBXBuildFile; fileRef = 28BC54E71EBFF6FD00A7E16E /* CustomColors.swift */; };
		28D2E4BD1ECCD5D400FC98E2 /* OfferChoicesViewController.swift in Sources */ = {isa = PBXBuildFile; fileRef = 28D2E4BC1ECCD5D400FC98E2 /* OfferChoicesViewController.swift */; };
		28D2E4BF1ECD389100FC98E2 /* SetLocationViewController.swift in Sources */ = {isa = PBXBuildFile; fileRef = 28D2E4BE1ECD389100FC98E2 /* SetLocationViewController.swift */; };
		28D2E4C11ECD38B000FC98E2 /* TravelChoiceViewController.swift in Sources */ = {isa = PBXBuildFile; fileRef = 28D2E4C01ECD38B000FC98E2 /* TravelChoiceViewController.swift */; };
		28D2E4C31ECD38CE00FC98E2 /* ChargePointsViewController.swift in Sources */ = {isa = PBXBuildFile; fileRef = 28D2E4C21ECD38CE00FC98E2 /* ChargePointsViewController.swift */; };
		28D2E4C51ECD38E600FC98E2 /* PreviewPostViewController.swift in Sources */ = {isa = PBXBuildFile; fileRef = 28D2E4C41ECD38E600FC98E2 /* PreviewPostViewController.swift */; };
		28F4596B1EC87BEE0043B9BA /* UploadImageViewController.swift in Sources */ = {isa = PBXBuildFile; fileRef = 28F4596A1EC87BEE0043B9BA /* UploadImageViewController.swift */; };
		28FBDB211ECE53D800E4C314 /* Bolts.framework in Frameworks */ = {isa = PBXBuildFile; fileRef = 28FBDB1D1ECE53D800E4C314 /* Bolts.framework */; };
		28FBDB221ECE53D800E4C314 /* FBSDKCoreKit.framework in Frameworks */ = {isa = PBXBuildFile; fileRef = 28FBDB1E1ECE53D800E4C314 /* FBSDKCoreKit.framework */; };
		28FBDB231ECE53D800E4C314 /* FBSDKLoginKit.framework in Frameworks */ = {isa = PBXBuildFile; fileRef = 28FBDB1F1ECE53D800E4C314 /* FBSDKLoginKit.framework */; };
		28FBDB241ECE53D800E4C314 /* FBSDKShareKit.framework in Frameworks */ = {isa = PBXBuildFile; fileRef = 28FBDB201ECE53D800E4C314 /* FBSDKShareKit.framework */; };
		41CB3972FEE6964D53190C2F /* Pods_PayItForward.framework in Frameworks */ = {isa = PBXBuildFile; fileRef = 02342E188617EE6198B8EDBB /* Pods_PayItForward.framework */; };
		B206025D1EA4365000D94A43 /* GoogleService-Info.plist in Resources */ = {isa = PBXBuildFile; fileRef = B206025C1EA4365000D94A43 /* GoogleService-Info.plist */; };
		B23C44141EC004D700950957 /* VerifyNewMemberViewController.swift in Sources */ = {isa = PBXBuildFile; fileRef = B23C44131EC004D700950957 /* VerifyNewMemberViewController.swift */; };
		B23C44161EC006A200950957 /* VerificationCodeViewController.swift in Sources */ = {isa = PBXBuildFile; fileRef = B23C44151EC006A200950957 /* VerificationCodeViewController.swift */; };
		B23C44181EC006F200950957 /* NameViewController.swift in Sources */ = {isa = PBXBuildFile; fileRef = B23C44171EC006F200950957 /* NameViewController.swift */; };
		B23C441A1EC007A800950957 /* AboutViewController.swift in Sources */ = {isa = PBXBuildFile; fileRef = B23C44191EC007A800950957 /* AboutViewController.swift */; };
		B252670A1EAA9CF700E0C02E /* Post.swift in Sources */ = {isa = PBXBuildFile; fileRef = B25267091EAA9CF700E0C02E /* Post.swift */; };
		B25B16011EC8E83D006AFC1A /* AccountTableViewController.swift in Sources */ = {isa = PBXBuildFile; fileRef = B25B16001EC8E83D006AFC1A /* AccountTableViewController.swift */; };
		B26AB5281EBFE7E4009949E7 /* Onboarding.storyboard in Resources */ = {isa = PBXBuildFile; fileRef = B26AB5261EBFE7E4009949E7 /* Onboarding.storyboard */; };
		B26AB52A1EBFE8F2009949E7 /* AddressViewController.swift in Sources */ = {isa = PBXBuildFile; fileRef = B26AB5291EBFE8F2009949E7 /* AddressViewController.swift */; };
		B26AB52C1EBFF84A009949E7 /* ChooseCommunityViewController.swift in Sources */ = {isa = PBXBuildFile; fileRef = B26AB52B1EBFF84A009949E7 /* ChooseCommunityViewController.swift */; };
		B2952AA01EBFFF4900F060C1 /* TermsOfServiceViewController.swift in Sources */ = {isa = PBXBuildFile; fileRef = B2952A9F1EBFFF4900F060C1 /* TermsOfServiceViewController.swift */; };
		B2952AA21EC0031F00F060C1 /* CreateAccountViewController.swift in Sources */ = {isa = PBXBuildFile; fileRef = B2952AA11EC0031F00F060C1 /* CreateAccountViewController.swift */; };
		B2B913771ED24AAF001293B5 /* (null) in Sources */ = {isa = PBXBuildFile; };
/* End PBXBuildFile section */

/* Begin PBXFileReference section */
		02342E188617EE6198B8EDBB /* Pods_PayItForward.framework */ = {isa = PBXFileReference; explicitFileType = wrapper.framework; includeInIndex = 0; path = Pods_PayItForward.framework; sourceTree = BUILT_PRODUCTS_DIR; };
		28791B3C1ED239D500DA4881 /* Globals.swift */ = {isa = PBXFileReference; fileEncoding = 4; lastKnownFileType = sourcecode.swift; path = Globals.swift; sourceTree = "<group>"; };
		288767781EA41A880052A76D /* PayItForward.app */ = {isa = PBXFileReference; explicitFileType = wrapper.application; includeInIndex = 0; path = PayItForward.app; sourceTree = BUILT_PRODUCTS_DIR; };
		2887677B1EA41A880052A76D /* AppDelegate.swift */ = {isa = PBXFileReference; lastKnownFileType = sourcecode.swift; path = AppDelegate.swift; sourceTree = "<group>"; };
		288767801EA41A880052A76D /* Base */ = {isa = PBXFileReference; lastKnownFileType = file.storyboard; name = Base; path = Base.lproj/Main.storyboard; sourceTree = "<group>"; };
		288767821EA41A880052A76D /* Assets.xcassets */ = {isa = PBXFileReference; lastKnownFileType = folder.assetcatalog; path = Assets.xcassets; sourceTree = "<group>"; };
		288767851EA41A880052A76D /* Base */ = {isa = PBXFileReference; lastKnownFileType = file.storyboard; name = Base; path = Base.lproj/LaunchScreen.storyboard; sourceTree = "<group>"; };
		288767871EA41A880052A76D /* Info.plist */ = {isa = PBXFileReference; lastKnownFileType = text.plist.xml; path = Info.plist; sourceTree = "<group>"; };
		2887678E1EA41D9C0052A76D /* HomeViewController.swift */ = {isa = PBXFileReference; fileEncoding = 4; lastKnownFileType = sourcecode.swift; path = HomeViewController.swift; sourceTree = "<group>"; };
		288767901EA41DA90052A76D /* CommunitiesViewController.swift */ = {isa = PBXFileReference; fileEncoding = 4; lastKnownFileType = sourcecode.swift; path = CommunitiesViewController.swift; sourceTree = "<group>"; };
		288767921EA41DB20052A76D /* PostViewController.swift */ = {isa = PBXFileReference; fileEncoding = 4; lastKnownFileType = sourcecode.swift; path = PostViewController.swift; sourceTree = "<group>"; };
		288767941EA41DC60052A76D /* MessagesViewController.swift */ = {isa = PBXFileReference; fileEncoding = 4; lastKnownFileType = sourcecode.swift; path = MessagesViewController.swift; sourceTree = "<group>"; };
		2887679A1EA425630052A76D /* PostTableViewCell.swift */ = {isa = PBXFileReference; fileEncoding = 4; lastKnownFileType = sourcecode.swift; path = PostTableViewCell.swift; sourceTree = "<group>"; };
		2890B0271EAAAB7D00886C82 /* User.swift */ = {isa = PBXFileReference; fileEncoding = 4; lastKnownFileType = sourcecode.swift; path = User.swift; sourceTree = "<group>"; };
		2890B0291EAABAB700886C82 /* PageContainerViewController.swift */ = {isa = PBXFileReference; fileEncoding = 4; lastKnownFileType = sourcecode.swift; path = PageContainerViewController.swift; sourceTree = "<group>"; };
		2890B02B1EAABAE600886C82 /* FirstPageViewController.swift */ = {isa = PBXFileReference; fileEncoding = 4; lastKnownFileType = sourcecode.swift; path = FirstPageViewController.swift; sourceTree = "<group>"; };
		2890B02D1EAABAEF00886C82 /* SecondPageViewController.swift */ = {isa = PBXFileReference; fileEncoding = 4; lastKnownFileType = sourcecode.swift; path = SecondPageViewController.swift; sourceTree = "<group>"; };
		2890B02F1EAABAF900886C82 /* ThirdPageViewController.swift */ = {isa = PBXFileReference; fileEncoding = 4; lastKnownFileType = sourcecode.swift; path = ThirdPageViewController.swift; sourceTree = "<group>"; };
		2890B0311EAAC43700886C82 /* IntroViewController.swift */ = {isa = PBXFileReference; fileEncoding = 4; lastKnownFileType = sourcecode.swift; path = IntroViewController.swift; sourceTree = "<group>"; };
		28ADA74B1ED92A3600C8B3AB /* OfferingTableViewCell.swift */ = {isa = PBXFileReference; fileEncoding = 4; lastKnownFileType = sourcecode.swift; path = OfferingTableViewCell.swift; sourceTree = "<group>"; };
		28BC54E71EBFF6FD00A7E16E /* CustomColors.swift */ = {isa = PBXFileReference; fileEncoding = 4; lastKnownFileType = sourcecode.swift; path = CustomColors.swift; sourceTree = "<group>"; };
		28D2E4BC1ECCD5D400FC98E2 /* OfferChoicesViewController.swift */ = {isa = PBXFileReference; fileEncoding = 4; lastKnownFileType = sourcecode.swift; path = OfferChoicesViewController.swift; sourceTree = "<group>"; };
		28D2E4BE1ECD389100FC98E2 /* SetLocationViewController.swift */ = {isa = PBXFileReference; fileEncoding = 4; lastKnownFileType = sourcecode.swift; path = SetLocationViewController.swift; sourceTree = "<group>"; };
		28D2E4C01ECD38B000FC98E2 /* TravelChoiceViewController.swift */ = {isa = PBXFileReference; fileEncoding = 4; lastKnownFileType = sourcecode.swift; path = TravelChoiceViewController.swift; sourceTree = "<group>"; };
		28D2E4C21ECD38CE00FC98E2 /* ChargePointsViewController.swift */ = {isa = PBXFileReference; fileEncoding = 4; lastKnownFileType = sourcecode.swift; path = ChargePointsViewController.swift; sourceTree = "<group>"; };
		28D2E4C41ECD38E600FC98E2 /* PreviewPostViewController.swift */ = {isa = PBXFileReference; fileEncoding = 4; lastKnownFileType = sourcecode.swift; path = PreviewPostViewController.swift; sourceTree = "<group>"; };
		28F4596A1EC87BEE0043B9BA /* UploadImageViewController.swift */ = {isa = PBXFileReference; fileEncoding = 4; lastKnownFileType = sourcecode.swift; path = UploadImageViewController.swift; sourceTree = "<group>"; };
		28FBDB1D1ECE53D800E4C314 /* Bolts.framework */ = {isa = PBXFileReference; lastKnownFileType = wrapper.framework; path = Bolts.framework; sourceTree = "<group>"; };
		28FBDB1E1ECE53D800E4C314 /* FBSDKCoreKit.framework */ = {isa = PBXFileReference; lastKnownFileType = wrapper.framework; path = FBSDKCoreKit.framework; sourceTree = "<group>"; };
		28FBDB1F1ECE53D800E4C314 /* FBSDKLoginKit.framework */ = {isa = PBXFileReference; lastKnownFileType = wrapper.framework; path = FBSDKLoginKit.framework; sourceTree = "<group>"; };
		28FBDB201ECE53D800E4C314 /* FBSDKShareKit.framework */ = {isa = PBXFileReference; lastKnownFileType = wrapper.framework; path = FBSDKShareKit.framework; sourceTree = "<group>"; };
		28FBDB251ED020CE00E4C314 /* PayItForward.entitlements */ = {isa = PBXFileReference; lastKnownFileType = text.plist.entitlements; path = PayItForward.entitlements; sourceTree = "<group>"; };
		6F222FE0A63DED231C716579 /* Pods-PayItForward.debug.xcconfig */ = {isa = PBXFileReference; includeInIndex = 1; lastKnownFileType = text.xcconfig; name = "Pods-PayItForward.debug.xcconfig"; path = "Pods/Target Support Files/Pods-PayItForward/Pods-PayItForward.debug.xcconfig"; sourceTree = "<group>"; };
		B206025C1EA4365000D94A43 /* GoogleService-Info.plist */ = {isa = PBXFileReference; fileEncoding = 4; lastKnownFileType = text.plist.xml; path = "GoogleService-Info.plist"; sourceTree = "<group>"; };
		B23C44131EC004D700950957 /* VerifyNewMemberViewController.swift */ = {isa = PBXFileReference; fileEncoding = 4; lastKnownFileType = sourcecode.swift; lineEnding = 0; name = VerifyNewMemberViewController.swift; path = PayItForward/Controllers/VerifyNewMemberViewController.swift; sourceTree = SOURCE_ROOT; xcLanguageSpecificationIdentifier = xcode.lang.swift; };
		B23C44151EC006A200950957 /* VerificationCodeViewController.swift */ = {isa = PBXFileReference; fileEncoding = 4; lastKnownFileType = sourcecode.swift; name = VerificationCodeViewController.swift; path = PayItForward/Controllers/VerificationCodeViewController.swift; sourceTree = SOURCE_ROOT; };
		B23C44171EC006F200950957 /* NameViewController.swift */ = {isa = PBXFileReference; fileEncoding = 4; lastKnownFileType = sourcecode.swift; name = NameViewController.swift; path = PayItForward/Controllers/NameViewController.swift; sourceTree = SOURCE_ROOT; };
		B23C44191EC007A800950957 /* AboutViewController.swift */ = {isa = PBXFileReference; fileEncoding = 4; lastKnownFileType = sourcecode.swift; name = AboutViewController.swift; path = PayItForward/Controllers/AboutViewController.swift; sourceTree = SOURCE_ROOT; };
		B25267091EAA9CF700E0C02E /* Post.swift */ = {isa = PBXFileReference; fileEncoding = 4; lastKnownFileType = sourcecode.swift; path = Post.swift; sourceTree = "<group>"; };
		B25B16001EC8E83D006AFC1A /* AccountTableViewController.swift */ = {isa = PBXFileReference; fileEncoding = 4; lastKnownFileType = sourcecode.swift; path = AccountTableViewController.swift; sourceTree = "<group>"; };
		B26AB5271EBFE7E4009949E7 /* Base */ = {isa = PBXFileReference; lastKnownFileType = file.storyboard; name = Base; path = Base.lproj/Onboarding.storyboard; sourceTree = "<group>"; };
		B26AB5291EBFE8F2009949E7 /* AddressViewController.swift */ = {isa = PBXFileReference; fileEncoding = 4; lastKnownFileType = sourcecode.swift; name = AddressViewController.swift; path = PayItForward/Controllers/AddressViewController.swift; sourceTree = SOURCE_ROOT; };
		B26AB52B1EBFF84A009949E7 /* ChooseCommunityViewController.swift */ = {isa = PBXFileReference; fileEncoding = 4; lastKnownFileType = sourcecode.swift; name = ChooseCommunityViewController.swift; path = PayItForward/Controllers/ChooseCommunityViewController.swift; sourceTree = SOURCE_ROOT; };
		B2952A9F1EBFFF4900F060C1 /* TermsOfServiceViewController.swift */ = {isa = PBXFileReference; fileEncoding = 4; lastKnownFileType = sourcecode.swift; name = TermsOfServiceViewController.swift; path = PayItForward/Controllers/TermsOfServiceViewController.swift; sourceTree = SOURCE_ROOT; };
		B2952AA11EC0031F00F060C1 /* CreateAccountViewController.swift */ = {isa = PBXFileReference; fileEncoding = 4; lastKnownFileType = sourcecode.swift; lineEnding = 0; name = CreateAccountViewController.swift; path = PayItForward/Controllers/CreateAccountViewController.swift; sourceTree = SOURCE_ROOT; xcLanguageSpecificationIdentifier = xcode.lang.swift; };
		D392D23A4CC15AC1BEDEE71E /* Pods-PayItForward.release.xcconfig */ = {isa = PBXFileReference; includeInIndex = 1; lastKnownFileType = text.xcconfig; name = "Pods-PayItForward.release.xcconfig"; path = "Pods/Target Support Files/Pods-PayItForward/Pods-PayItForward.release.xcconfig"; sourceTree = "<group>"; };
/* End PBXFileReference section */

/* Begin PBXFrameworksBuildPhase section */
		288767751EA41A870052A76D /* Frameworks */ = {
			isa = PBXFrameworksBuildPhase;
			buildActionMask = 2147483647;
			files = (
				41CB3972FEE6964D53190C2F /* Pods_PayItForward.framework in Frameworks */,
				28FBDB221ECE53D800E4C314 /* FBSDKCoreKit.framework in Frameworks */,
				28FBDB241ECE53D800E4C314 /* FBSDKShareKit.framework in Frameworks */,
				28FBDB231ECE53D800E4C314 /* FBSDKLoginKit.framework in Frameworks */,
				28FBDB211ECE53D800E4C314 /* Bolts.framework in Frameworks */,
			);
			runOnlyForDeploymentPostprocessing = 0;
		};
/* End PBXFrameworksBuildPhase section */

/* Begin PBXGroup section */
		2887676F1EA41A870052A76D = {
			isa = PBXGroup;
			children = (
				2887677A1EA41A880052A76D /* PayItForward */,
				288767791EA41A880052A76D /* Products */,
				7BE28688684CF6923B11B573 /* Pods */,
				CC4430780605D0D7CB5B3517 /* Frameworks */,
			);
			sourceTree = "<group>";
		};
		288767791EA41A880052A76D /* Products */ = {
			isa = PBXGroup;
			children = (
				288767781EA41A880052A76D /* PayItForward.app */,
			);
			name = Products;
			sourceTree = "<group>";
		};
		2887677A1EA41A880052A76D /* PayItForward */ = {
			isa = PBXGroup;
			children = (
				28FBDB251ED020CE00E4C314 /* PayItForward.entitlements */,
				2887677B1EA41A880052A76D /* AppDelegate.swift */,
				B25267081EAA9CE400E0C02E /* Model */,
				288767991EA424FC0052A76D /* Views */,
				2887678D1EA41D8B0052A76D /* Controllers */,
				2887677F1EA41A880052A76D /* Main.storyboard */,
				B26AB5261EBFE7E4009949E7 /* Onboarding.storyboard */,
				288767821EA41A880052A76D /* Assets.xcassets */,
				288767841EA41A880052A76D /* LaunchScreen.storyboard */,
				288767871EA41A880052A76D /* Info.plist */,
				B206025C1EA4365000D94A43 /* GoogleService-Info.plist */,
			);
			path = PayItForward;
			sourceTree = "<group>";
		};
		2887678D1EA41D8B0052A76D /* Controllers */ = {
			isa = PBXGroup;
			children = (
				28BC54E41EBFE50F00A7E16E /* Sign_Up_Flow */,
				B25B16001EC8E83D006AFC1A /* AccountTableViewController.swift */,
				288767901EA41DA90052A76D /* CommunitiesViewController.swift */,
				2890B02B1EAABAE600886C82 /* FirstPageViewController.swift */,
				2887678E1EA41D9C0052A76D /* HomeViewController.swift */,
				2890B0311EAAC43700886C82 /* IntroViewController.swift */,
				288767941EA41DC60052A76D /* MessagesViewController.swift */,
				2890B0291EAABAB700886C82 /* PageContainerViewController.swift */,
				288767921EA41DB20052A76D /* PostViewController.swift */,
				2890B02D1EAABAEF00886C82 /* SecondPageViewController.swift */,
				2890B02F1EAABAF900886C82 /* ThirdPageViewController.swift */,
			);
			path = Controllers;
			sourceTree = "<group>";
		};
		288767991EA424FC0052A76D /* Views */ = {
			isa = PBXGroup;
			children = (
				28ADA74B1ED92A3600C8B3AB /* OfferingTableViewCell.swift */,
				28BC54E71EBFF6FD00A7E16E /* CustomColors.swift */,
				2887679A1EA425630052A76D /* PostTableViewCell.swift */,
			);
			path = Views;
			sourceTree = "<group>";
		};
		28BC54E41EBFE50F00A7E16E /* Sign_Up_Flow */ = {
			isa = PBXGroup;
			children = (
				B23C44191EC007A800950957 /* AboutViewController.swift */,
				B26AB5291EBFE8F2009949E7 /* AddressViewController.swift */,
				B26AB52B1EBFF84A009949E7 /* ChooseCommunityViewController.swift */,
				B2952AA11EC0031F00F060C1 /* CreateAccountViewController.swift */,
				B23C44171EC006F200950957 /* NameViewController.swift */,
				B23C44131EC004D700950957 /* VerifyNewMemberViewController.swift */,
				B23C44151EC006A200950957 /* VerificationCodeViewController.swift */,
				B2952A9F1EBFFF4900F060C1 /* TermsOfServiceViewController.swift */,
				28F4596A1EC87BEE0043B9BA /* UploadImageViewController.swift */,
				28D2E4BC1ECCD5D400FC98E2 /* OfferChoicesViewController.swift */,
				28D2E4BE1ECD389100FC98E2 /* SetLocationViewController.swift */,
				28D2E4C01ECD38B000FC98E2 /* TravelChoiceViewController.swift */,
				28D2E4C21ECD38CE00FC98E2 /* ChargePointsViewController.swift */,
				28D2E4C41ECD38E600FC98E2 /* PreviewPostViewController.swift */,
			);
			path = Sign_Up_Flow;
			sourceTree = "<group>";
		};
		7BE28688684CF6923B11B573 /* Pods */ = {
			isa = PBXGroup;
			children = (
				6F222FE0A63DED231C716579 /* Pods-PayItForward.debug.xcconfig */,
				D392D23A4CC15AC1BEDEE71E /* Pods-PayItForward.release.xcconfig */,
			);
			name = Pods;
			sourceTree = "<group>";
		};
		B25267081EAA9CE400E0C02E /* Model */ = {
			isa = PBXGroup;
			children = (
				B25267091EAA9CF700E0C02E /* Post.swift */,
				2890B0271EAAAB7D00886C82 /* User.swift */,
				28791B3C1ED239D500DA4881 /* Globals.swift */,
			);
			path = Model;
			sourceTree = "<group>";
		};
		CC4430780605D0D7CB5B3517 /* Frameworks */ = {
			isa = PBXGroup;
			children = (
				28FBDB1D1ECE53D800E4C314 /* Bolts.framework */,
				28FBDB1E1ECE53D800E4C314 /* FBSDKCoreKit.framework */,
				28FBDB1F1ECE53D800E4C314 /* FBSDKLoginKit.framework */,
				28FBDB201ECE53D800E4C314 /* FBSDKShareKit.framework */,
				02342E188617EE6198B8EDBB /* Pods_PayItForward.framework */,
			);
			name = Frameworks;
			sourceTree = "<group>";
		};
/* End PBXGroup section */

/* Begin PBXNativeTarget section */
		288767771EA41A870052A76D /* PayItForward */ = {
			isa = PBXNativeTarget;
			buildConfigurationList = 2887678A1EA41A880052A76D /* Build configuration list for PBXNativeTarget "PayItForward" */;
			buildPhases = (
				062113835A30E7B48DBEF168 /* [CP] Check Pods Manifest.lock */,
				288767741EA41A870052A76D /* Sources */,
				288767751EA41A870052A76D /* Frameworks */,
				288767761EA41A870052A76D /* Resources */,
				D527E1AC62BDF89729620864 /* [CP] Embed Pods Frameworks */,
				24DE0D1817315391C8AD5804 /* [CP] Copy Pods Resources */,
			);
			buildRules = (
			);
			dependencies = (
			);
			name = PayItForward;
			productName = PayItForward;
			productReference = 288767781EA41A880052A76D /* PayItForward.app */;
			productType = "com.apple.product-type.application";
		};
/* End PBXNativeTarget section */

/* Begin PBXProject section */
		288767701EA41A870052A76D /* Project object */ = {
			isa = PBXProject;
			attributes = {
				LastSwiftUpdateCheck = 0820;
				LastUpgradeCheck = 0820;
				ORGANIZATIONNAME = PayItFoward;
				TargetAttributes = {
					288767771EA41A870052A76D = {
						CreatedOnToolsVersion = 8.2.1;
						ProvisioningStyle = Automatic;
						SystemCapabilities = {
							com.apple.Push = {
								enabled = 1;
							};
						};
					};
				};
			};
			buildConfigurationList = 288767731EA41A870052A76D /* Build configuration list for PBXProject "PayItForward" */;
			compatibilityVersion = "Xcode 3.2";
			developmentRegion = English;
			hasScannedForEncodings = 0;
			knownRegions = (
				en,
				Base,
			);
			mainGroup = 2887676F1EA41A870052A76D;
			productRefGroup = 288767791EA41A880052A76D /* Products */;
			projectDirPath = "";
			projectRoot = "";
			targets = (
				288767771EA41A870052A76D /* PayItForward */,
			);
		};
/* End PBXProject section */

/* Begin PBXResourcesBuildPhase section */
		288767761EA41A870052A76D /* Resources */ = {
			isa = PBXResourcesBuildPhase;
			buildActionMask = 2147483647;
			files = (
				288767861EA41A880052A76D /* LaunchScreen.storyboard in Resources */,
				B26AB5281EBFE7E4009949E7 /* Onboarding.storyboard in Resources */,
				288767831EA41A880052A76D /* Assets.xcassets in Resources */,
				288767811EA41A880052A76D /* Main.storyboard in Resources */,
				B206025D1EA4365000D94A43 /* GoogleService-Info.plist in Resources */,
			);
			runOnlyForDeploymentPostprocessing = 0;
		};
/* End PBXResourcesBuildPhase section */

/* Begin PBXShellScriptBuildPhase section */
		062113835A30E7B48DBEF168 /* [CP] Check Pods Manifest.lock */ = {
			isa = PBXShellScriptBuildPhase;
			buildActionMask = 2147483647;
			files = (
			);
			inputPaths = (
			);
			name = "[CP] Check Pods Manifest.lock";
			outputPaths = (
			);
			runOnlyForDeploymentPostprocessing = 0;
			shellPath = /bin/sh;
			shellScript = "diff \"${PODS_PODFILE_DIR_PATH}/Podfile.lock\" \"${PODS_ROOT}/Manifest.lock\" > /dev/null\nif [ $? != 0 ] ; then\n    # print error to STDERR\n    echo \"error: The sandbox is not in sync with the Podfile.lock. Run 'pod install' or update your CocoaPods installation.\" >&2\n    exit 1\nfi\n";
			showEnvVarsInLog = 0;
		};
		24DE0D1817315391C8AD5804 /* [CP] Copy Pods Resources */ = {
			isa = PBXShellScriptBuildPhase;
			buildActionMask = 2147483647;
			files = (
			);
			inputPaths = (
			);
			name = "[CP] Copy Pods Resources";
			outputPaths = (
			);
			runOnlyForDeploymentPostprocessing = 0;
			shellPath = /bin/sh;
			shellScript = "\"${SRCROOT}/Pods/Target Support Files/Pods-PayItForward/Pods-PayItForward-resources.sh\"\n";
			showEnvVarsInLog = 0;
		};
		D527E1AC62BDF89729620864 /* [CP] Embed Pods Frameworks */ = {
			isa = PBXShellScriptBuildPhase;
			buildActionMask = 2147483647;
			files = (
			);
			inputPaths = (
			);
			name = "[CP] Embed Pods Frameworks";
			outputPaths = (
			);
			runOnlyForDeploymentPostprocessing = 0;
			shellPath = /bin/sh;
			shellScript = "\"${SRCROOT}/Pods/Target Support Files/Pods-PayItForward/Pods-PayItForward-frameworks.sh\"\n";
			showEnvVarsInLog = 0;
		};
/* End PBXShellScriptBuildPhase section */

/* Begin PBXSourcesBuildPhase section */
		288767741EA41A870052A76D /* Sources */ = {
			isa = PBXSourcesBuildPhase;
			buildActionMask = 2147483647;
			files = (
				B23C44141EC004D700950957 /* VerifyNewMemberViewController.swift in Sources */,
				B25B16011EC8E83D006AFC1A /* AccountTableViewController.swift in Sources */,
				2887679B1EA425630052A76D /* PostTableViewCell.swift in Sources */,
				288767951EA41DC60052A76D /* MessagesViewController.swift in Sources */,
				2890B02C1EAABAE600886C82 /* FirstPageViewController.swift in Sources */,
				B26AB52A1EBFE8F2009949E7 /* AddressViewController.swift in Sources */,
				28D2E4BD1ECCD5D400FC98E2 /* OfferChoicesViewController.swift in Sources */,
				2890B02A1EAABAB700886C82 /* PageContainerViewController.swift in Sources */,
				28791B3D1ED239D500DA4881 /* Globals.swift in Sources */,
				28ADA74C1ED92A3600C8B3AB /* OfferingTableViewCell.swift in Sources */,
				B23C44161EC006A200950957 /* VerificationCodeViewController.swift in Sources */,
				2890B0301EAABAF900886C82 /* ThirdPageViewController.swift in Sources */,
				288767931EA41DB20052A76D /* PostViewController.swift in Sources */,
				B2B913771ED24AAF001293B5 /* (null) in Sources */,
				B252670A1EAA9CF700E0C02E /* Post.swift in Sources */,
				28BC54E81EBFF6FD00A7E16E /* CustomColors.swift in Sources */,
				2890B0281EAAAB7D00886C82 /* User.swift in Sources */,
				B2952AA21EC0031F00F060C1 /* CreateAccountViewController.swift in Sources */,
				2890B0321EAAC43700886C82 /* IntroViewController.swift in Sources */,
				28D2E4BF1ECD389100FC98E2 /* SetLocationViewController.swift in Sources */,
				B2952AA01EBFFF4900F060C1 /* TermsOfServiceViewController.swift in Sources */,
				B26AB52C1EBFF84A009949E7 /* ChooseCommunityViewController.swift in Sources */,
				28F4596B1EC87BEE0043B9BA /* UploadImageViewController.swift in Sources */,
				28D2E4C51ECD38E600FC98E2 /* PreviewPostViewController.swift in Sources */,
				B23C44181EC006F200950957 /* NameViewController.swift in Sources */,
				2887677C1EA41A880052A76D /* AppDelegate.swift in Sources */,
				2890B02E1EAABAEF00886C82 /* SecondPageViewController.swift in Sources */,
				288767911EA41DA90052A76D /* CommunitiesViewController.swift in Sources */,
				2887678F1EA41D9C0052A76D /* HomeViewController.swift in Sources */,
				28D2E4C11ECD38B000FC98E2 /* TravelChoiceViewController.swift in Sources */,
				28D2E4C31ECD38CE00FC98E2 /* ChargePointsViewController.swift in Sources */,
				B23C441A1EC007A800950957 /* AboutViewController.swift in Sources */,
			);
			runOnlyForDeploymentPostprocessing = 0;
		};
/* End PBXSourcesBuildPhase section */

/* Begin PBXVariantGroup section */
		2887677F1EA41A880052A76D /* Main.storyboard */ = {
			isa = PBXVariantGroup;
			children = (
				288767801EA41A880052A76D /* Base */,
			);
			name = Main.storyboard;
			sourceTree = "<group>";
		};
		288767841EA41A880052A76D /* LaunchScreen.storyboard */ = {
			isa = PBXVariantGroup;
			children = (
				288767851EA41A880052A76D /* Base */,
			);
			name = LaunchScreen.storyboard;
			sourceTree = "<group>";
		};
		B26AB5261EBFE7E4009949E7 /* Onboarding.storyboard */ = {
			isa = PBXVariantGroup;
			children = (
				B26AB5271EBFE7E4009949E7 /* Base */,
			);
			name = Onboarding.storyboard;
			sourceTree = "<group>";
		};
/* End PBXVariantGroup section */

/* Begin XCBuildConfiguration section */
		288767881EA41A880052A76D /* Debug */ = {
			isa = XCBuildConfiguration;
			buildSettings = {
				ALWAYS_SEARCH_USER_PATHS = NO;
				CLANG_ANALYZER_NONNULL = YES;
				CLANG_CXX_LANGUAGE_STANDARD = "gnu++0x";
				CLANG_CXX_LIBRARY = "libc++";
				CLANG_ENABLE_MODULES = YES;
				CLANG_ENABLE_OBJC_ARC = YES;
				CLANG_WARN_BOOL_CONVERSION = YES;
				CLANG_WARN_CONSTANT_CONVERSION = YES;
				CLANG_WARN_DIRECT_OBJC_ISA_USAGE = YES_ERROR;
				CLANG_WARN_DOCUMENTATION_COMMENTS = YES;
				CLANG_WARN_EMPTY_BODY = YES;
				CLANG_WARN_ENUM_CONVERSION = YES;
				CLANG_WARN_INFINITE_RECURSION = YES;
				CLANG_WARN_INT_CONVERSION = YES;
				CLANG_WARN_OBJC_ROOT_CLASS = YES_ERROR;
				CLANG_WARN_SUSPICIOUS_MOVE = YES;
				CLANG_WARN_UNREACHABLE_CODE = YES;
				CLANG_WARN__DUPLICATE_METHOD_MATCH = YES;
				"CODE_SIGN_IDENTITY[sdk=iphoneos*]" = "iPhone Developer";
				COPY_PHASE_STRIP = NO;
				DEBUG_INFORMATION_FORMAT = dwarf;
				ENABLE_STRICT_OBJC_MSGSEND = YES;
				ENABLE_TESTABILITY = YES;
				GCC_C_LANGUAGE_STANDARD = gnu99;
				GCC_DYNAMIC_NO_PIC = NO;
				GCC_NO_COMMON_BLOCKS = YES;
				GCC_OPTIMIZATION_LEVEL = 0;
				GCC_PREPROCESSOR_DEFINITIONS = (
					"DEBUG=1",
					"$(inherited)",
				);
				GCC_WARN_64_TO_32_BIT_CONVERSION = YES;
				GCC_WARN_ABOUT_RETURN_TYPE = YES_ERROR;
				GCC_WARN_UNDECLARED_SELECTOR = YES;
				GCC_WARN_UNINITIALIZED_AUTOS = YES_AGGRESSIVE;
				GCC_WARN_UNUSED_FUNCTION = YES;
				GCC_WARN_UNUSED_VARIABLE = YES;
				IPHONEOS_DEPLOYMENT_TARGET = 10.2;
				MTL_ENABLE_DEBUG_INFO = YES;
				ONLY_ACTIVE_ARCH = YES;
				SDKROOT = iphoneos;
				SWIFT_ACTIVE_COMPILATION_CONDITIONS = DEBUG;
				SWIFT_OPTIMIZATION_LEVEL = "-Onone";
				TARGETED_DEVICE_FAMILY = "1,2";
			};
			name = Debug;
		};
		288767891EA41A880052A76D /* Release */ = {
			isa = XCBuildConfiguration;
			buildSettings = {
				ALWAYS_SEARCH_USER_PATHS = NO;
				CLANG_ANALYZER_NONNULL = YES;
				CLANG_CXX_LANGUAGE_STANDARD = "gnu++0x";
				CLANG_CXX_LIBRARY = "libc++";
				CLANG_ENABLE_MODULES = YES;
				CLANG_ENABLE_OBJC_ARC = YES;
				CLANG_WARN_BOOL_CONVERSION = YES;
				CLANG_WARN_CONSTANT_CONVERSION = YES;
				CLANG_WARN_DIRECT_OBJC_ISA_USAGE = YES_ERROR;
				CLANG_WARN_DOCUMENTATION_COMMENTS = YES;
				CLANG_WARN_EMPTY_BODY = YES;
				CLANG_WARN_ENUM_CONVERSION = YES;
				CLANG_WARN_INFINITE_RECURSION = YES;
				CLANG_WARN_INT_CONVERSION = YES;
				CLANG_WARN_OBJC_ROOT_CLASS = YES_ERROR;
				CLANG_WARN_SUSPICIOUS_MOVE = YES;
				CLANG_WARN_UNREACHABLE_CODE = YES;
				CLANG_WARN__DUPLICATE_METHOD_MATCH = YES;
				"CODE_SIGN_IDENTITY[sdk=iphoneos*]" = "iPhone Developer";
				COPY_PHASE_STRIP = NO;
				DEBUG_INFORMATION_FORMAT = "dwarf-with-dsym";
				ENABLE_NS_ASSERTIONS = NO;
				ENABLE_STRICT_OBJC_MSGSEND = YES;
				GCC_C_LANGUAGE_STANDARD = gnu99;
				GCC_NO_COMMON_BLOCKS = YES;
				GCC_WARN_64_TO_32_BIT_CONVERSION = YES;
				GCC_WARN_ABOUT_RETURN_TYPE = YES_ERROR;
				GCC_WARN_UNDECLARED_SELECTOR = YES;
				GCC_WARN_UNINITIALIZED_AUTOS = YES_AGGRESSIVE;
				GCC_WARN_UNUSED_FUNCTION = YES;
				GCC_WARN_UNUSED_VARIABLE = YES;
				IPHONEOS_DEPLOYMENT_TARGET = 10.2;
				MTL_ENABLE_DEBUG_INFO = NO;
				SDKROOT = iphoneos;
				SWIFT_OPTIMIZATION_LEVEL = "-Owholemodule";
				TARGETED_DEVICE_FAMILY = "1,2";
				VALIDATE_PRODUCT = YES;
			};
			name = Release;
		};
		2887678B1EA41A880052A76D /* Debug */ = {
			isa = XCBuildConfiguration;
			baseConfigurationReference = 6F222FE0A63DED231C716579 /* Pods-PayItForward.debug.xcconfig */;
			buildSettings = {
				ASSETCATALOG_COMPILER_APPICON_NAME = AppIcon;
				CODE_SIGN_ENTITLEMENTS = PayItForward/PayItForward.entitlements;
				DEVELOPMENT_TEAM = "";
				FRAMEWORK_SEARCH_PATHS = (
					"$(inherited)",
					"$(PROJECT_DIR)",
				);
				INFOPLIST_FILE = PayItForward/Info.plist;
				IPHONEOS_DEPLOYMENT_TARGET = 10.3;
				LD_RUNPATH_SEARCH_PATHS = "$(inherited) @executable_path/Frameworks";
				PRODUCT_BUNDLE_IDENTIFIER = com.payitforward.PayItForward;
				PRODUCT_NAME = "$(TARGET_NAME)";
				SWIFT_VERSION = 3.0;
			};
			name = Debug;
		};
		2887678C1EA41A880052A76D /* Release */ = {
			isa = XCBuildConfiguration;
			baseConfigurationReference = D392D23A4CC15AC1BEDEE71E /* Pods-PayItForward.release.xcconfig */;
			buildSettings = {
				ASSETCATALOG_COMPILER_APPICON_NAME = AppIcon;
				CODE_SIGN_ENTITLEMENTS = PayItForward/PayItForward.entitlements;
				DEVELOPMENT_TEAM = "";
				FRAMEWORK_SEARCH_PATHS = (
					"$(inherited)",
					"$(PROJECT_DIR)",
				);
				INFOPLIST_FILE = PayItForward/Info.plist;
				IPHONEOS_DEPLOYMENT_TARGET = 10.3;
				LD_RUNPATH_SEARCH_PATHS = "$(inherited) @executable_path/Frameworks";
				PRODUCT_BUNDLE_IDENTIFIER = com.payitforward.PayItForward;
				PRODUCT_NAME = "$(TARGET_NAME)";
				SWIFT_VERSION = 3.0;
			};
			name = Release;
		};
/* End XCBuildConfiguration section */

/* Begin XCConfigurationList section */
		288767731EA41A870052A76D /* Build configuration list for PBXProject "PayItForward" */ = {
			isa = XCConfigurationList;
			buildConfigurations = (
				288767881EA41A880052A76D /* Debug */,
				288767891EA41A880052A76D /* Release */,
			);
			defaultConfigurationIsVisible = 0;
			defaultConfigurationName = Release;
		};
		2887678A1EA41A880052A76D /* Build configuration list for PBXNativeTarget "PayItForward" */ = {
			isa = XCConfigurationList;
			buildConfigurations = (
				2887678B1EA41A880052A76D /* Debug */,
				2887678C1EA41A880052A76D /* Release */,
			);
			defaultConfigurationIsVisible = 0;
			defaultConfigurationName = Release;
		};
/* End XCConfigurationList section */
	};
	rootObject = 288767701EA41A870052A76D /* Project object */;
}
